
Microsoft Visual Studio Solution File, Format Version 12.00
# Visual Studio Version 16
VisualStudioVersion = 25.0.1705.0
MinimumVisualStudioVersion = 10.0.40219.1
Project("{2150E333-8FDC-42A3-9474-1A3956D46DE8}") = "FrontEnd", "FrontEnd", "{DF5A6133-C29E-47EF-BCC1-4C0A979C4E5B}"
EndProject
Project("{FAE04EC0-301F-11D3-BF4B-00C04F79EFBC}") = "FastFood.Web", "FastFood.Web\FastFood.Web.csproj", "{1323F7A4-1DE5-4424-806A-5F20D0E91723}"
EndProject
Project("{2150E333-8FDC-42A3-9474-1A3956D46DE8}") = "Services", "Services", "{C88148B2-C3FF-4843-8181-4DE94F76DEE5}"
EndProject
Project("{FAE04EC0-301F-11D3-BF4B-00C04F79EFBC}") = "FastFood.Services.ProductAPI", "FastFood.Services.ProductAPI\FastFood.Services.ProductAPI.csproj", "{5592013C-3396-45F6-A155-B600486AA727}"
EndProject
Project("{2150E333-8FDC-42A3-9474-1A3956D46DE8}") = "Элементы решения", "Элементы решения", "{98C108AF-A58E-4B9B-9589-2C69524A3E84}"
	ProjectSection(SolutionItems) = preProject
		.editorconfig = .editorconfig
	EndProjectSection
EndProject
Global
	GlobalSection(SolutionConfigurationPlatforms) = preSolution
		Debug|Any CPU = Debug|Any CPU
		Release|Any CPU = Release|Any CPU
	EndGlobalSection
	GlobalSection(ProjectConfigurationPlatforms) = postSolution
		{1323F7A4-1DE5-4424-806A-5F20D0E91723}.Debug|Any CPU.ActiveCfg = Debug|Any CPU
		{1323F7A4-1DE5-4424-806A-5F20D0E91723}.Debug|Any CPU.Build.0 = Debug|Any CPU
		{1323F7A4-1DE5-4424-806A-5F20D0E91723}.Release|Any CPU.ActiveCfg = Release|Any CPU
		{1323F7A4-1DE5-4424-806A-5F20D0E91723}.Release|Any CPU.Build.0 = Release|Any CPU
		{5592013C-3396-45F6-A155-B600486AA727}.Debug|Any CPU.ActiveCfg = Debug|Any CPU
		{5592013C-3396-45F6-A155-B600486AA727}.Debug|Any CPU.Build.0 = Debug|Any CPU
		{5592013C-3396-45F6-A155-B600486AA727}.Release|Any CPU.ActiveCfg = Release|Any CPU
		{5592013C-3396-45F6-A155-B600486AA727}.Release|Any CPU.Build.0 = Release|Any CPU
	EndGlobalSection
	GlobalSection(SolutionProperties) = preSolution
		HideSolutionNode = FALSE
	EndGlobalSection
	GlobalSection(ExtensibilityGlobals) = postSolution
		SolutionGuid = {E5213860-6F87-4B8A-83BF-0B13ADFA5C22}
	EndGlobalSection
	GlobalSection(NestedProjects) = preSolution
		{1323F7A4-1DE5-4424-806A-5F20D0E91723} = {DF5A6133-C29E-47EF-BCC1-4C0A979C4E5B}
		{5592013C-3396-45F6-A155-B600486AA727} = {C88148B2-C3FF-4843-8181-4DE94F76DEE5}
	EndGlobalSection
EndGlobal
